
Microsoft Visual Studio Solution File, Format Version 12.00
# Visual Studio Version 16
VisualStudioVersion = 16.0.30225.117
MinimumVisualStudioVersion = 10.0.40219.1
Project("{9A19103F-16F7-4668-BE54-9A1E7A4F7556}") = "SoundboardYourFriends", "SoundboardYourFriends\SoundboardYourFriends.csproj", "{894B5DAF-301C-4436-960A-A0C4F3CAF825}"
EndProject
Project("{930C7802-8A8C-48F9-8165-68863BCCD9DD}") = "SoundboardYourFriends.Setup", "SoundboardYourFriends.Setup\SoundboardYourFriends.Setup.wixproj", "{5EB4873C-4942-4F49-8E07-66CED1220C8F}"
EndProject
Project("{FAE04EC0-301F-11D3-BF4B-00C04F79EFBC}") = "SoundboardYourFriends.Setup.CustomActions", "SoundboardYourFriends.Setup.CustomActions\SoundboardYourFriends.Setup.CustomActions.csproj", "{1A55BCC8-5DBF-42A6-8CB0-1CD71B43837B}"
EndProject
Project("{FAE04EC0-301F-11D3-BF4B-00C04F79EFBC}") = "SoundboardYourFriends.Update", "SoundboardYourFriends.Update\SoundboardYourFriends.Update.csproj", "{891DF05D-A7F5-49C2-A029-5871BC519C97}"
EndProject
Global
	GlobalSection(SolutionConfigurationPlatforms) = preSolution
		Debug|Any CPU = Debug|Any CPU
		Debug|x86 = Debug|x86
		Release|Any CPU = Release|Any CPU
		Release|x86 = Release|x86
	EndGlobalSection
	GlobalSection(ProjectConfigurationPlatforms) = postSolution
		{894B5DAF-301C-4436-960A-A0C4F3CAF825}.Debug|Any CPU.ActiveCfg = Debug|Any CPU
		{894B5DAF-301C-4436-960A-A0C4F3CAF825}.Debug|Any CPU.Build.0 = Debug|Any CPU
		{894B5DAF-301C-4436-960A-A0C4F3CAF825}.Debug|x86.ActiveCfg = Debug|Any CPU
		{894B5DAF-301C-4436-960A-A0C4F3CAF825}.Debug|x86.Build.0 = Debug|Any CPU
		{894B5DAF-301C-4436-960A-A0C4F3CAF825}.Release|Any CPU.ActiveCfg = Release|Any CPU
		{894B5DAF-301C-4436-960A-A0C4F3CAF825}.Release|Any CPU.Build.0 = Release|Any CPU
		{894B5DAF-301C-4436-960A-A0C4F3CAF825}.Release|x86.ActiveCfg = Release|Any CPU
		{894B5DAF-301C-4436-960A-A0C4F3CAF825}.Release|x86.Build.0 = Release|Any CPU
		{5EB4873C-4942-4F49-8E07-66CED1220C8F}.Debug|Any CPU.ActiveCfg = Debug|x86
		{5EB4873C-4942-4F49-8E07-66CED1220C8F}.Debug|x86.ActiveCfg = Debug|x86
		{5EB4873C-4942-4F49-8E07-66CED1220C8F}.Debug|x86.Build.0 = Debug|x86
		{5EB4873C-4942-4F49-8E07-66CED1220C8F}.Release|Any CPU.ActiveCfg = Release|x86
		{5EB4873C-4942-4F49-8E07-66CED1220C8F}.Release|x86.ActiveCfg = Release|x86
		{5EB4873C-4942-4F49-8E07-66CED1220C8F}.Release|x86.Build.0 = Release|x86
		{1A55BCC8-5DBF-42A6-8CB0-1CD71B43837B}.Debug|Any CPU.ActiveCfg = Debug|x86
		{1A55BCC8-5DBF-42A6-8CB0-1CD71B43837B}.Debug|x86.ActiveCfg = Debug|x86
		{1A55BCC8-5DBF-42A6-8CB0-1CD71B43837B}.Debug|x86.Build.0 = Debug|x86
		{1A55BCC8-5DBF-42A6-8CB0-1CD71B43837B}.Release|Any CPU.ActiveCfg = Release|x86
		{1A55BCC8-5DBF-42A6-8CB0-1CD71B43837B}.Release|x86.ActiveCfg = Release|x86
		{1A55BCC8-5DBF-42A6-8CB0-1CD71B43837B}.Release|x86.Build.0 = Release|x86
		{891DF05D-A7F5-49C2-A029-5871BC519C97}.Debug|Any CPU.ActiveCfg = Debug|Any CPU
		{891DF05D-A7F5-49C2-A029-5871BC519C97}.Debug|Any CPU.Build.0 = Debug|Any CPU
		{891DF05D-A7F5-49C2-A029-5871BC519C97}.Debug|x86.ActiveCfg = Debug|Any CPU
		{891DF05D-A7F5-49C2-A029-5871BC519C97}.Debug|x86.Build.0 = Debug|Any CPU
		{891DF05D-A7F5-49C2-A029-5871BC519C97}.Release|Any CPU.ActiveCfg = Release|Any CPU
		{891DF05D-A7F5-49C2-A029-5871BC519C97}.Release|Any CPU.Build.0 = Release|Any CPU
		{891DF05D-A7F5-49C2-A029-5871BC519C97}.Release|x86.ActiveCfg = Release|Any CPU
		{891DF05D-A7F5-49C2-A029-5871BC519C97}.Release|x86.Build.0 = Release|Any CPU
	EndGlobalSection
	GlobalSection(SolutionProperties) = preSolution
		HideSolutionNode = FALSE
	EndGlobalSection
	GlobalSection(ExtensibilityGlobals) = postSolution
		SolutionGuid = {BA2A828A-1CA3-4DBA-BD44-416A272F4FB9}
	EndGlobalSection
EndGlobal
